<?xml version="1.0" encoding="utf-8"?>
<Project ToolsVersion="4.0" xmlns="http://schemas.microsoft.com/developer/msbuild/2003">
  <ItemGroup>
    <Filter Include="Source Files">
      <UniqueIdentifier>{4FC737F1-C7A5-4376-A066-2A32D752A2FF}</UniqueIdentifier>
      <Extensions>cpp;c;cc;cxx;def;odl;idl;hpj;bat;asm;asmx</Extensions>
    </Filter>
    <Filter Include="Header Files">
      <UniqueIdentifier>{93995380-89BD-4b04-88EB-625FBE52EBFB}</UniqueIdentifier>
      <Extensions>h;hh;hpp;hxx;hm;inl;inc;xsd</Extensions>
    </Filter>
    <Filter Include="Resource Files">
      <UniqueIdentifier>{67DA6AB6-F800-4c08-8B7A-83BB121AAD01}</UniqueIdentifier>
      <Extensions>rc;ico;cur;bmp;dlg;rc2;rct;bin;rgs;gif;jpg;jpeg;jpe;resx;tiff;tif;png;wav;mfcribbon-ms</Extensions>
    </Filter>
    <Filter Include="Solvers">
      <UniqueIdentifier>{3f8ec68d-5afa-40d2-aad6-96db18aa6326}</UniqueIdentifier>
    </Filter>
    <Filter Include="Solvers\Branch and Bound">
      <UniqueIdentifier>{2d455d60-cb87-4d72-a06c-e222cb8c563e}</UniqueIdentifier>
    </Filter>
    <Filter Include="Benchmarks">
      <UniqueIdentifier>{2cc05a74-b33c-42e8-8ad8-346292ade968}</UniqueIdentifier>
    </Filter>
    <Filter Include="Benchmarks\ProblemData">
      <UniqueIdentifier>{f4f46de4-f73c-4be5-95bc-00bf10f90bab}</UniqueIdentifier>
    </Filter>
    <Filter Include="Benchmarks\ProblemData\TSPLIB">
      <UniqueIdentifier>{5bb7d6a0-e53c-4962-a624-d3b34ff8aef6}</UniqueIdentifier>
    </Filter>
    <Filter Include="Benchmarks\ProblemData\TSPLIB\Symmetric">
      <UniqueIdentifier>{1759821e-a032-4fe6-bc71-b0b9e2772e59}</UniqueIdentifier>
    </Filter>
    <Filter Include="Benchmarks\ProblemData\TSPLIB\Asymmetric">
      <UniqueIdentifier>{aa67fe6b-540d-4bb9-b8d3-7586c702374f}</UniqueIdentifier>
    </Filter>
    <Filter Include="Benchmarks\ProblemData\Random">
      <UniqueIdentifier>{7a314389-7cce-41f0-a0ad-8db0e274253e}</UniqueIdentifier>
    </Filter>
    <Filter Include="Benchmarks\Results">
      <UniqueIdentifier>{4ba5c2a6-ac4e-4b67-afb0-97f63db826c1}</UniqueIdentifier>
    </Filter>
    <Filter Include="Benchmarks\Results\Symmetric">
      <UniqueIdentifier>{812673ed-ebf5-497e-a39f-d758ca6bd623}</UniqueIdentifier>
    </Filter>
    <Filter Include="Benchmarks\Results\Asymmetric">
      <UniqueIdentifier>{fe79aca9-6748-429f-9a37-3fd45f226d48}</UniqueIdentifier>
    </Filter>
    <Filter Include="Graphs">
      <UniqueIdentifier>{70b6a520-3f52-4cdc-8f9d-980181ee1644}</UniqueIdentifier>
    </Filter>
    <Filter Include="Graphs\AdjacencyMatrix">
      <UniqueIdentifier>{cea6be61-6d27-4b4f-98cf-abdb394a85c9}</UniqueIdentifier>
    </Filter>
    <Filter Include="Solvers\Tabu Search">
      <UniqueIdentifier>{192c7307-2c2f-4116-b737-cfd312136a5e}</UniqueIdentifier>
    </Filter>
  </ItemGroup>
  <ItemGroup>
    <Text Include="ReadMe.txt" />
    <Text Include="Benchmarks\ProblemData\TSPLIB\Symmetric\S10.txt">
      <Filter>Benchmarks\ProblemData\TSPLIB\Symmetric</Filter>
    </Text>
    <Text Include="Benchmarks\ProblemData\TSPLIB\Symmetric\S17.txt">
      <Filter>Benchmarks\ProblemData\TSPLIB\Symmetric</Filter>
    </Text>
    <Text Include="Benchmarks\ProblemData\TSPLIB\Symmetric\S26.txt">
      <Filter>Benchmarks\ProblemData\TSPLIB\Symmetric</Filter>
    </Text>
    <Text Include="Benchmarks\ProblemData\TSPLIB\Symmetric\S29.txt">
      <Filter>Benchmarks\ProblemData\TSPLIB\Symmetric</Filter>
    </Text>
    <Text Include="Benchmarks\ProblemData\TSPLIB\Asymmetric\AS10.txt">
      <Filter>Benchmarks\ProblemData\TSPLIB\Asymmetric</Filter>
    </Text>
    <Text Include="Benchmarks\ProblemData\TSPLIB\Asymmetric\AS17.txt">
      <Filter>Benchmarks\ProblemData\TSPLIB\Asymmetric</Filter>
    </Text>
    <Text Include="Benchmarks\ProblemData\TSPLIB\Asymmetric\AS29.txt">
      <Filter>Benchmarks\ProblemData\TSPLIB\Asymmetric</Filter>
    </Text>
    <Text Include="Benchmarks\ProblemData\TSPLIB\Asymmetric\AS33.txt">
      <Filter>Benchmarks\ProblemData\TSPLIB\Asymmetric</Filter>
    </Text>
    <Text Include="Benchmarks\ProblemData\TSPLIB\Asymmetric\AS38.txt">
      <Filter>Benchmarks\ProblemData\TSPLIB\Asymmetric</Filter>
    </Text>
    <Text Include="Benchmarks\ProblemData\TSPLIB\Asymmetric\AS40.txt">
      <Filter>Benchmarks\ProblemData\TSPLIB\Asymmetric</Filter>
    </Text>
    <Text Include="Benchmarks\ProblemData\TSPLIB\Asymmetric\AS44.txt">
      <Filter>Benchmarks\ProblemData\TSPLIB\Asymmetric</Filter>
    </Text>
    <Text Include="Benchmarks\Results\Symmetric\Symmetric100.txt">
      <Filter>Benchmarks\Results\Symmetric</Filter>
    </Text>
    <Text Include="Benchmarks\Results\Asymmetric\Asymmetric100.txt">
      <Filter>Benchmarks\Results\Asymmetric</Filter>
    </Text>
  </ItemGroup>
  <ItemGroup>
    <ClInclude Include="stdafx.h">
      <Filter>Header Files</Filter>
    </ClInclude>
    <ClInclude Include="targetver.h">
      <Filter>Header Files</Filter>
    </ClInclude>
    <ClInclude Include="Graphs\GraphDataParser.h">
      <Filter>Graphs</Filter>
    </ClInclude>
    <ClInclude Include="Graphs\GraphRepresentation.h">
      <Filter>Graphs</Filter>
    </ClInclude>
    <ClInclude Include="Graphs\AdjacencyMatrix\AsymmetricAdjacencyMatrix.h">
      <Filter>Graphs\AdjacencyMatrix</Filter>
    </ClInclude>
    <ClInclude Include="Graphs\AdjacencyMatrix\SymmetricAdjacencyMatrix.h">
      <Filter>Graphs\AdjacencyMatrix</Filter>
    </ClInclude>
    <ClInclude Include="Solvers\Problem.h">
      <Filter>Solvers</Filter>
    </ClInclude>
    <ClInclude Include="Solvers\Solution.h">
      <Filter>Solvers</Filter>
    </ClInclude>
    <ClInclude Include="Solvers\Solver.h">
      <Filter>Solvers</Filter>
    </ClInclude>
    <ClInclude Include="Solvers\BranchAndBound\BranchAndBound.h">
      <Filter>Solvers\Branch and Bound</Filter>
    </ClInclude>
    <ClInclude Include="Solvers\BranchAndBound\LittleMatrix.h">
      <Filter>Solvers\Branch and Bound</Filter>
    </ClInclude>
    <ClInclude Include="Benchmarks\PerformanceTests.h">
      <Filter>Benchmarks</Filter>
    </ClInclude>
    <ClInclude Include="Solvers\TabuSearch\TabuSearch.h">
      <Filter>Solvers\Tabu Search</Filter>
    </ClInclude>
    <ClInclude Include="Solvers\TabuSearch\Move.h">
      <Filter>Solvers\Tabu Search</Filter>
    </ClInclude>
    <ClInclude Include="Solvers\TabuSearch\TabuList.h">
      <Filter>Solvers\Tabu Search</Filter>
    </ClInclude>
    <ClInclude Include="Benchmarks\Timer.h">
      <Filter>Benchmarks</Filter>
    </ClInclude>
  </ItemGroup>
  <ItemGroup>
    <ClCompile Include="stdafx.cpp">
      <Filter>Source Files</Filter>
    </ClCompile>
    <ClCompile Include="TSP.cpp">
      <Filter>Source Files</Filter>
    </ClCompile>
  </ItemGroup>
</Project>